%{
  "exchema": {:hex, :exchema, "0.4.0", "a978535ad9a40201c2ac3c10e73a4cf7cebceb666ec1b8ea1f179b7b9dcc059e", [:mix], [], "hexpm"},
  "exchema_coercion": {:git, "https://github.com/bamorim/exchema_coercion.git", "8c580c5498979b88dd8bc015bc101606a3be97dd", []},
  "exchema_stream_data": {:git, "https://github.com/bamorim/exchema_stream_data.git", "e662a01fae5890e6ef3d7009eb9b03693c877527", []},
  "stream_data": {:hex, :stream_data, "0.4.2", "fa86b78c88ec4eaa482c0891350fcc23f19a79059a687760ddcf8680aac2799b", [:mix], [], "hexpm"},
}
