%{
  "exchema": {:hex, :exchema, "0.3.0", "ca61128b1c84786c2259f20b2e2d7da5c99cdfe7b6adf91abedf28e2734b4026", [:mix], [], "hexpm"},
  "exchema_coercion": {:git, "https://github.com/bamorim/exchema_coercion.git", "82dfdada87b0aa66fd9cccee6d7439c26d90c189", []},
  "exchema_stream_data": {:git, "https://github.com/bamorim/exchema_stream_data.git", "2fa591b86f8dd87f3e8ab0a233f356dc5bf5a0a4", []},
  "stream_data": {:hex, :stream_data, "0.4.2", "fa86b78c88ec4eaa482c0891350fcc23f19a79059a687760ddcf8680aac2799b", [:mix], [], "hexpm"},
}
